
Microsoft Visual Studio Solution File, Format Version 12.00
# Visual Studio Version 17
VisualStudioVersion = 17.7.34024.191
MinimumVisualStudioVersion = 10.0.40219.1
Project("{FAE04EC0-301F-11D3-BF4B-00C04F79EFBC}") = "kallkulator sederhana", "kallkulator sederhana\kallkulator sederhana.csproj", "{449BADEC-9C52-458D-92B8-F648ED79BA27}"
EndProject
Global
	GlobalSection(SolutionConfigurationPlatforms) = preSolution
		Debug|Any CPU = Debug|Any CPU
		Release|Any CPU = Release|Any CPU
	EndGlobalSection
	GlobalSection(ProjectConfigurationPlatforms) = postSolution
		{449BADEC-9C52-458D-92B8-F648ED79BA27}.Debug|Any CPU.ActiveCfg = Debug|Any CPU
		{449BADEC-9C52-458D-92B8-F648ED79BA27}.Debug|Any CPU.Build.0 = Debug|Any CPU
		{449BADEC-9C52-458D-92B8-F648ED79BA27}.Release|Any CPU.ActiveCfg = Release|Any CPU
		{449BADEC-9C52-458D-92B8-F648ED79BA27}.Release|Any CPU.Build.0 = Release|Any CPU
	EndGlobalSection
	GlobalSection(SolutionProperties) = preSolution
		HideSolutionNode = FALSE
	EndGlobalSection
	GlobalSection(ExtensibilityGlobals) = postSolution
		SolutionGuid = {20DC4837-2913-4268-989D-9BB41CAB9D91}
	EndGlobalSection
EndGlobal
